
Microsoft Visual Studio Solution File, Format Version 12.00
# Visual Studio Version 17
VisualStudioVersion = 17.7.34031.279
MinimumVisualStudioVersion = 10.0.40219.1
Project("{FAE04EC0-301F-11D3-BF4B-00C04F79EFBC}") = "MPatel5655", "MPatel5655\MPatel5655.csproj", "{87D8DB13-6F37-4791-99E1-B3BF8A85F985}"
EndProject
Global
	GlobalSection(SolutionConfigurationPlatforms) = preSolution
		Debug|Any CPU = Debug|Any CPU
		Release|Any CPU = Release|Any CPU
	EndGlobalSection
	GlobalSection(ProjectConfigurationPlatforms) = postSolution
		{87D8DB13-6F37-4791-99E1-B3BF8A85F985}.Debug|Any CPU.ActiveCfg = Debug|Any CPU
		{87D8DB13-6F37-4791-99E1-B3BF8A85F985}.Debug|Any CPU.Build.0 = Debug|Any CPU
		{87D8DB13-6F37-4791-99E1-B3BF8A85F985}.Release|Any CPU.ActiveCfg = Release|Any CPU
		{87D8DB13-6F37-4791-99E1-B3BF8A85F985}.Release|Any CPU.Build.0 = Release|Any CPU
	EndGlobalSection
	GlobalSection(SolutionProperties) = preSolution
		HideSolutionNode = FALSE
	EndGlobalSection
	GlobalSection(ExtensibilityGlobals) = postSolution
		SolutionGuid = {2F0F34AD-65C8-42EF-A24F-F170A87F93A8}
	EndGlobalSection
EndGlobal
